
Microsoft Visual Studio Solution File, Format Version 12.00
# Visual Studio 2012
Project("{FAE04EC0-301F-11D3-BF4B-00C04F79EFBC}") = "CCIMT.Presentation", "CCMIT.Presentation\CCIMT.Presentation.csproj", "{65429429-98A4-4366-8CF8-011031CED9EC}"
EndProject
Global
	GlobalSection(TeamFoundationVersionControl) = preSolution
		SccNumberOfProjects = 2
		SccEnterpriseProvider = {4CA58AB2-18FA-4F8D-95D4-32DDF27D184C}
		SccTeamFoundationServer = http://pandora:8080/tfs/defaultcollection
		SccLocalPath0 = .
		SccProjectUniqueName1 = CCMIT.Presentation\\CCIMT.Presentation.csproj
		SccProjectName1 = CCMIT.Presentation
		SccLocalPath1 = CCMIT.Presentation
	EndGlobalSection
	GlobalSection(SolutionConfigurationPlatforms) = preSolution
		Debug|Any CPU = Debug|Any CPU
		Release|Any CPU = Release|Any CPU
	EndGlobalSection
	GlobalSection(ProjectConfigurationPlatforms) = postSolution
		{65429429-98A4-4366-8CF8-011031CED9EC}.Debug|Any CPU.ActiveCfg = Debug|Any CPU
		{65429429-98A4-4366-8CF8-011031CED9EC}.Debug|Any CPU.Build.0 = Debug|Any CPU
		{65429429-98A4-4366-8CF8-011031CED9EC}.Release|Any CPU.ActiveCfg = Release|Any CPU
		{65429429-98A4-4366-8CF8-011031CED9EC}.Release|Any CPU.Build.0 = Release|Any CPU
	EndGlobalSection
	GlobalSection(SolutionProperties) = preSolution
		HideSolutionNode = FALSE
	EndGlobalSection
EndGlobal
